
Microsoft Visual Studio Solution File, Format Version 12.00
# Visual Studio 14
VisualStudioVersion = 14.0.23107.0
MinimumVisualStudioVersion = 10.0.40219.1
Project("{FAE04EC0-301F-11D3-BF4B-00C04F79EFBC}") = "TestWebApplication", "TestWebApplication\TestWebApplication.csproj", "{165AE0B8-BA0E-4614-A46A-E52A272913AD}"
EndProject
Project("{FAE04EC0-301F-11D3-BF4B-00C04F79EFBC}") = "TestWebApplication.Tests", "TestWebApplication.Tests\TestWebApplication.Tests.csproj", "{7D1954DA-9616-44EF-881E-1C9FD0F66766}"
EndProject
Global
	GlobalSection(SolutionConfigurationPlatforms) = preSolution
		Debug|Any CPU = Debug|Any CPU
		Release|Any CPU = Release|Any CPU
	EndGlobalSection
	GlobalSection(ProjectConfigurationPlatforms) = postSolution
		{165AE0B8-BA0E-4614-A46A-E52A272913AD}.Debug|Any CPU.ActiveCfg = Debug|Any CPU
		{165AE0B8-BA0E-4614-A46A-E52A272913AD}.Debug|Any CPU.Build.0 = Debug|Any CPU
		{165AE0B8-BA0E-4614-A46A-E52A272913AD}.Release|Any CPU.ActiveCfg = Release|Any CPU
		{165AE0B8-BA0E-4614-A46A-E52A272913AD}.Release|Any CPU.Build.0 = Release|Any CPU
		{7D1954DA-9616-44EF-881E-1C9FD0F66766}.Debug|Any CPU.ActiveCfg = Debug|Any CPU
		{7D1954DA-9616-44EF-881E-1C9FD0F66766}.Debug|Any CPU.Build.0 = Debug|Any CPU
		{7D1954DA-9616-44EF-881E-1C9FD0F66766}.Release|Any CPU.ActiveCfg = Release|Any CPU
		{7D1954DA-9616-44EF-881E-1C9FD0F66766}.Release|Any CPU.Build.0 = Release|Any CPU
	EndGlobalSection
	GlobalSection(SolutionProperties) = preSolution
		HideSolutionNode = FALSE
	EndGlobalSection
EndGlobal
